# This file is automatically @generated by Cargo.
# It is not intended for manual editing.
version = 3

[[package]]
name = "iotcs"
version = "0.1.0"
dependencies = [
 "puzzle",
]

[[package]]
name = "jumpin"
version = "0.1.0"
dependencies = [
 "puzzle",
]

[[package]]
name = "puzzle"
version = "0.1.0"

[[package]]
name = "wgc-river"
version = "0.1.0"
dependencies = [
 "puzzle",
]
